// !$*UTF8*$!
{
	archiveVersion = 1;
	classes = {
	};
	objectVersion = 56;
	objects = {

/* Begin PBXBuildFile section */
		6670EF612A74501E0061E39F /* BFS.swift in Sources */ = {isa = PBXBuildFile; fileRef = 6670EF602A74501E0061E39F /* BFS.swift */; };
		66D343BA2A72E7C100743311 /* Pathfinding_VisualizerApp.swift in Sources */ = {isa = PBXBuildFile; fileRef = 66D343B92A72E7C100743311 /* Pathfinding_VisualizerApp.swift */; };
		66D343BC2A72E7C100743311 /* PathfindingVisualizer.swift in Sources */ = {isa = PBXBuildFile; fileRef = 66D343BB2A72E7C100743311 /* PathfindingVisualizer.swift */; };
		66D343BE2A72E7C300743311 /* Assets.xcassets in Resources */ = {isa = PBXBuildFile; fileRef = 66D343BD2A72E7C300743311 /* Assets.xcassets */; };
		66D343C12A72E7C300743311 /* Preview Assets.xcassets in Resources */ = {isa = PBXBuildFile; fileRef = 66D343C02A72E7C300743311 /* Preview Assets.xcassets */; };
		66D343CB2A72EC3D00743311 /* Node.swift in Sources */ = {isa = PBXBuildFile; fileRef = 66D343CA2A72EC3D00743311 /* Node.swift */; };
		66D343CD2A72EC5400743311 /* Grid.swift in Sources */ = {isa = PBXBuildFile; fileRef = 66D343CC2A72EC5400743311 /* Grid.swift */; };
		66D343CF2A72ECAD00743311 /* ViewModel.swift in Sources */ = {isa = PBXBuildFile; fileRef = 66D343CE2A72ECAD00743311 /* ViewModel.swift */; };
		66D343F32A72F55500743311 /* GridView.swift in Sources */ = {isa = PBXBuildFile; fileRef = 66D343F22A72F55500743311 /* GridView.swift */; };
		66D343F52A72F7FF00743311 /* Algorithm.swift in Sources */ = {isa = PBXBuildFile; fileRef = 66D343F42A72F7FF00743311 /* Algorithm.swift */; };
		66E5CFB62A78985B00C815BC /* BackTracking.swift in Sources */ = {isa = PBXBuildFile; fileRef = 66E5CFB52A78985B00C815BC /* BackTracking.swift */; };
		66E5CFB82A794FA500C815BC /* MazeGenerator.swift in Sources */ = {isa = PBXBuildFile; fileRef = 66E5CFB72A794FA400C815BC /* MazeGenerator.swift */; };
		66FEE7AD2A7746E10055F343 /* Maze.swift in Sources */ = {isa = PBXBuildFile; fileRef = 66FEE7AC2A7746E10055F343 /* Maze.swift */; };
		66FEE7AF2A77480B0055F343 /* MazeViewModel.swift in Sources */ = {isa = PBXBuildFile; fileRef = 66FEE7AE2A77480B0055F343 /* MazeViewModel.swift */; };
/* End PBXBuildFile section */

/* Begin PBXFileReference section */
		6670EF602A74501E0061E39F /* BFS.swift */ = {isa = PBXFileReference; lastKnownFileType = sourcecode.swift; path = BFS.swift; sourceTree = "<group>"; };
		66D343B62A72E7C100743311 /* Pathfinding Visualizer.app */ = {isa = PBXFileReference; explicitFileType = wrapper.application; includeInIndex = 0; path = "Pathfinding Visualizer.app"; sourceTree = BUILT_PRODUCTS_DIR; };
		66D343B92A72E7C100743311 /* Pathfinding_VisualizerApp.swift */ = {isa = PBXFileReference; lastKnownFileType = sourcecode.swift; path = Pathfinding_VisualizerApp.swift; sourceTree = "<group>"; };
		66D343BB2A72E7C100743311 /* PathfindingVisualizer.swift */ = {isa = PBXFileReference; lastKnownFileType = sourcecode.swift; path = PathfindingVisualizer.swift; sourceTree = "<group>"; };
		66D343BD2A72E7C300743311 /* Assets.xcassets */ = {isa = PBXFileReference; lastKnownFileType = folder.assetcatalog; path = Assets.xcassets; sourceTree = "<group>"; };
		66D343C02A72E7C300743311 /* Preview Assets.xcassets */ = {isa = PBXFileReference; lastKnownFileType = folder.assetcatalog; path = "Preview Assets.xcassets"; sourceTree = "<group>"; };
		66D343CA2A72EC3D00743311 /* Node.swift */ = {isa = PBXFileReference; lastKnownFileType = sourcecode.swift; path = Node.swift; sourceTree = "<group>"; };
		66D343CC2A72EC5400743311 /* Grid.swift */ = {isa = PBXFileReference; lastKnownFileType = sourcecode.swift; path = Grid.swift; sourceTree = "<group>"; };
		66D343CE2A72ECAD00743311 /* ViewModel.swift */ = {isa = PBXFileReference; lastKnownFileType = sourcecode.swift; path = ViewModel.swift; sourceTree = "<group>"; };
		66D343F22A72F55500743311 /* GridView.swift */ = {isa = PBXFileReference; lastKnownFileType = sourcecode.swift; path = GridView.swift; sourceTree = "<group>"; };
		66D343F42A72F7FF00743311 /* Algorithm.swift */ = {isa = PBXFileReference; lastKnownFileType = sourcecode.swift; path = Algorithm.swift; sourceTree = "<group>"; };
		66E5CFB52A78985B00C815BC /* BackTracking.swift */ = {isa = PBXFileReference; lastKnownFileType = sourcecode.swift; path = BackTracking.swift; sourceTree = "<group>"; };
		66E5CFB72A794FA400C815BC /* MazeGenerator.swift */ = {isa = PBXFileReference; lastKnownFileType = sourcecode.swift; path = MazeGenerator.swift; sourceTree = "<group>"; };
		66FEE7AC2A7746E10055F343 /* Maze.swift */ = {isa = PBXFileReference; lastKnownFileType = sourcecode.swift; path = Maze.swift; sourceTree = "<group>"; };
		66FEE7AE2A77480B0055F343 /* MazeViewModel.swift */ = {isa = PBXFileReference; lastKnownFileType = sourcecode.swift; path = MazeViewModel.swift; sourceTree = "<group>"; };
/* End PBXFileReference section */

/* Begin PBXFrameworksBuildPhase section */
		66D343B32A72E7C100743311 /* Frameworks */ = {
			isa = PBXFrameworksBuildPhase;
			buildActionMask = 2147483647;
			files = (
			);
			runOnlyForDeploymentPostprocessing = 0;
		};
/* End PBXFrameworksBuildPhase section */

/* Begin PBXGroup section */
		66D343AD2A72E7C100743311 = {
			isa = PBXGroup;
			children = (
				66D343B82A72E7C100743311 /* Pathfinding Visualizer */,
				66D343B72A72E7C100743311 /* Products */,
			);
			sourceTree = "<group>";
		};
		66D343B72A72E7C100743311 /* Products */ = {
			isa = PBXGroup;
			children = (
				66D343B62A72E7C100743311 /* Pathfinding Visualizer.app */,
			);
			name = Products;
			sourceTree = "<group>";
		};
		66D343B82A72E7C100743311 /* Pathfinding Visualizer */ = {
			isa = PBXGroup;
			children = (
				66D343B92A72E7C100743311 /* Pathfinding_VisualizerApp.swift */,
				66D343C72A72E7DA00743311 /* Model */,
				66D343C82A72E7F000743311 /* ViewModel */,
				66D343C92A72E80100743311 /* View */,
				66D343BD2A72E7C300743311 /* Assets.xcassets */,
				66D343BF2A72E7C300743311 /* Preview Content */,
			);
			path = "Pathfinding Visualizer";
			sourceTree = "<group>";
		};
		66D343BF2A72E7C300743311 /* Preview Content */ = {
			isa = PBXGroup;
			children = (
				66D343C02A72E7C300743311 /* Preview Assets.xcassets */,
			);
			path = "Preview Content";
			sourceTree = "<group>";
		};
		66D343C72A72E7DA00743311 /* Model */ = {
			isa = PBXGroup;
			children = (
				66D343CA2A72EC3D00743311 /* Node.swift */,
				66D343CC2A72EC5400743311 /* Grid.swift */,
				66D343F42A72F7FF00743311 /* Algorithm.swift */,
				66FEE7AC2A7746E10055F343 /* Maze.swift */,
			);
			path = Model;
			sourceTree = "<group>";
		};
		66D343C82A72E7F000743311 /* ViewModel */ = {
			isa = PBXGroup;
			children = (
				66D343CE2A72ECAD00743311 /* ViewModel.swift */,
				6670EF602A74501E0061E39F /* BFS.swift */,
				66E5CFB72A794FA400C815BC /* MazeGenerator.swift */,
				66E5CFB52A78985B00C815BC /* BackTracking.swift */,
				66FEE7AE2A77480B0055F343 /* MazeViewModel.swift */,
			);
			path = ViewModel;
			sourceTree = "<group>";
		};
		66D343C92A72E80100743311 /* View */ = {
			isa = PBXGroup;
			children = (
				66D343BB2A72E7C100743311 /* PathfindingVisualizer.swift */,
				66D343F22A72F55500743311 /* GridView.swift */,
			);
			path = View;
			sourceTree = "<group>";
		};
/* End PBXGroup section */

/* Begin PBXNativeTarget section */
		66D343B52A72E7C100743311 /* Pathfinding Visualizer */ = {
			isa = PBXNativeTarget;
			buildConfigurationList = 66D343C42A72E7C300743311 /* Build configuration list for PBXNativeTarget "Pathfinding Visualizer" */;
			buildPhases = (
				66D343B22A72E7C100743311 /* Sources */,
				66D343B32A72E7C100743311 /* Frameworks */,
				66D343B42A72E7C100743311 /* Resources */,
			);
			buildRules = (
			);
			dependencies = (
			);
			name = "Pathfinding Visualizer";
			productName = "Pathfinding Visualizer";
			productReference = 66D343B62A72E7C100743311 /* Pathfinding Visualizer.app */;
			productType = "com.apple.product-type.application";
		};
/* End PBXNativeTarget section */

/* Begin PBXProject section */
		66D343AE2A72E7C100743311 /* Project object */ = {
			isa = PBXProject;
			attributes = {
				BuildIndependentTargetsInParallel = 1;
				LastSwiftUpdateCheck = 1430;
				LastUpgradeCheck = 1430;
				TargetAttributes = {
					66D343B52A72E7C100743311 = {
						CreatedOnToolsVersion = 14.3.1;
					};
				};
			};
			buildConfigurationList = 66D343B12A72E7C100743311 /* Build configuration list for PBXProject "Pathfinding Visualizer" */;
			compatibilityVersion = "Xcode 14.0";
			developmentRegion = en;
			hasScannedForEncodings = 0;
			knownRegions = (
				en,
				Base,
			);
			mainGroup = 66D343AD2A72E7C100743311;
			productRefGroup = 66D343B72A72E7C100743311 /* Products */;
			projectDirPath = "";
			projectRoot = "";
			targets = (
				66D343B52A72E7C100743311 /* Pathfinding Visualizer */,
			);
		};
/* End PBXProject section */

/* Begin PBXResourcesBuildPhase section */
		66D343B42A72E7C100743311 /* Resources */ = {
			isa = PBXResourcesBuildPhase;
			buildActionMask = 2147483647;
			files = (
				66D343C12A72E7C300743311 /* Preview Assets.xcassets in Resources */,
				66D343BE2A72E7C300743311 /* Assets.xcassets in Resources */,
			);
			runOnlyForDeploymentPostprocessing = 0;
		};
/* End PBXResourcesBuildPhase section */

/* Begin PBXSourcesBuildPhase section */
		66D343B22A72E7C100743311 /* Sources */ = {
			isa = PBXSourcesBuildPhase;
			buildActionMask = 2147483647;
			files = (
				66D343F52A72F7FF00743311 /* Algorithm.swift in Sources */,
				66D343CF2A72ECAD00743311 /* ViewModel.swift in Sources */,
				66E5CFB62A78985B00C815BC /* BackTracking.swift in Sources */,
				66FEE7AD2A7746E10055F343 /* Maze.swift in Sources */,
				66FEE7AF2A77480B0055F343 /* MazeViewModel.swift in Sources */,
				66D343CB2A72EC3D00743311 /* Node.swift in Sources */,
				66E5CFB82A794FA500C815BC /* MazeGenerator.swift in Sources */,
				66D343BC2A72E7C100743311 /* PathfindingVisualizer.swift in Sources */,
				66D343BA2A72E7C100743311 /* Pathfinding_VisualizerApp.swift in Sources */,
				66D343F32A72F55500743311 /* GridView.swift in Sources */,
				66D343CD2A72EC5400743311 /* Grid.swift in Sources */,
				6670EF612A74501E0061E39F /* BFS.swift in Sources */,
			);
			runOnlyForDeploymentPostprocessing = 0;
		};
/* End PBXSourcesBuildPhase section */

/* Begin XCBuildConfiguration section */
		66D343C22A72E7C300743311 /* Debug */ = {
			isa = XCBuildConfiguration;
			buildSettings = {
				ALWAYS_SEARCH_USER_PATHS = NO;
				CLANG_ANALYZER_NONNULL = YES;
				CLANG_ANALYZER_NUMBER_OBJECT_CONVERSION = YES_AGGRESSIVE;
				CLANG_CXX_LANGUAGE_STANDARD = "gnu++20";
				CLANG_ENABLE_MODULES = YES;
				CLANG_ENABLE_OBJC_ARC = YES;
				CLANG_ENABLE_OBJC_WEAK = YES;
				CLANG_WARN_BLOCK_CAPTURE_AUTORELEASING = YES;
				CLANG_WARN_BOOL_CONVERSION = YES;
				CLANG_WARN_COMMA = YES;
				CLANG_WARN_CONSTANT_CONVERSION = YES;
				CLANG_WARN_DEPRECATED_OBJC_IMPLEMENTATIONS = YES;
				CLANG_WARN_DIRECT_OBJC_ISA_USAGE = YES_ERROR;
				CLANG_WARN_DOCUMENTATION_COMMENTS = YES;
				CLANG_WARN_EMPTY_BODY = YES;
				CLANG_WARN_ENUM_CONVERSION = YES;
				CLANG_WARN_INFINITE_RECURSION = YES;
				CLANG_WARN_INT_CONVERSION = YES;
				CLANG_WARN_NON_LITERAL_NULL_CONVERSION = YES;
				CLANG_WARN_OBJC_IMPLICIT_RETAIN_SELF = YES;
				CLANG_WARN_OBJC_LITERAL_CONVERSION = YES;
				CLANG_WARN_OBJC_ROOT_CLASS = YES_ERROR;
				CLANG_WARN_QUOTED_INCLUDE_IN_FRAMEWORK_HEADER = YES;
				CLANG_WARN_RANGE_LOOP_ANALYSIS = YES;
				CLANG_WARN_STRICT_PROTOTYPES = YES;
				CLANG_WARN_SUSPICIOUS_MOVE = YES;
				CLANG_WARN_UNGUARDED_AVAILABILITY = YES_AGGRESSIVE;
				CLANG_WARN_UNREACHABLE_CODE = YES;
				CLANG_WARN__DUPLICATE_METHOD_MATCH = YES;
				COPY_PHASE_STRIP = NO;
				DEBUG_INFORMATION_FORMAT = dwarf;
				ENABLE_STRICT_OBJC_MSGSEND = YES;
				ENABLE_TESTABILITY = YES;
				GCC_C_LANGUAGE_STANDARD = gnu11;
				GCC_DYNAMIC_NO_PIC = NO;
				GCC_NO_COMMON_BLOCKS = YES;
				GCC_OPTIMIZATION_LEVEL = 0;
				GCC_PREPROCESSOR_DEFINITIONS = (
					"DEBUG=1",
					"$(inherited)",
				);
				GCC_WARN_64_TO_32_BIT_CONVERSION = YES;
				GCC_WARN_ABOUT_RETURN_TYPE = YES_ERROR;
				GCC_WARN_UNDECLARED_SELECTOR = YES;
				GCC_WARN_UNINITIALIZED_AUTOS = YES_AGGRESSIVE;
				GCC_WARN_UNUSED_FUNCTION = YES;
				GCC_WARN_UNUSED_VARIABLE = YES;
				IPHONEOS_DEPLOYMENT_TARGET = 16.4;
				MTL_ENABLE_DEBUG_INFO = INCLUDE_SOURCE;
				MTL_FAST_MATH = YES;
				ONLY_ACTIVE_ARCH = YES;
				SDKROOT = iphoneos;
				SWIFT_ACTIVE_COMPILATION_CONDITIONS = DEBUG;
				SWIFT_OPTIMIZATION_LEVEL = "-Onone";
			};
			name = Debug;
		};
		66D343C32A72E7C300743311 /* Release */ = {
			isa = XCBuildConfiguration;
			buildSettings = {
				ALWAYS_SEARCH_USER_PATHS = NO;
				CLANG_ANALYZER_NONNULL = YES;
				CLANG_ANALYZER_NUMBER_OBJECT_CONVERSION = YES_AGGRESSIVE;
				CLANG_CXX_LANGUAGE_STANDARD = "gnu++20";
				CLANG_ENABLE_MODULES = YES;
				CLANG_ENABLE_OBJC_ARC = YES;
				CLANG_ENABLE_OBJC_WEAK = YES;
				CLANG_WARN_BLOCK_CAPTURE_AUTORELEASING = YES;
				CLANG_WARN_BOOL_CONVERSION = YES;
				CLANG_WARN_COMMA = YES;
				CLANG_WARN_CONSTANT_CONVERSION = YES;
				CLANG_WARN_DEPRECATED_OBJC_IMPLEMENTATIONS = YES;
				CLANG_WARN_DIRECT_OBJC_ISA_USAGE = YES_ERROR;
				CLANG_WARN_DOCUMENTATION_COMMENTS = YES;
				CLANG_WARN_EMPTY_BODY = YES;
				CLANG_WARN_ENUM_CONVERSION = YES;
				CLANG_WARN_INFINITE_RECURSION = YES;
				CLANG_WARN_INT_CONVERSION = YES;
				CLANG_WARN_NON_LITERAL_NULL_CONVERSION = YES;
				CLANG_WARN_OBJC_IMPLICIT_RETAIN_SELF = YES;
				CLANG_WARN_OBJC_LITERAL_CONVERSION = YES;
				CLANG_WARN_OBJC_ROOT_CLASS = YES_ERROR;
				CLANG_WARN_QUOTED_INCLUDE_IN_FRAMEWORK_HEADER = YES;
				CLANG_WARN_RANGE_LOOP_ANALYSIS = YES;
				CLANG_WARN_STRICT_PROTOTYPES = YES;
				CLANG_WARN_SUSPICIOUS_MOVE = YES;
				CLANG_WARN_UNGUARDED_AVAILABILITY = YES_AGGRESSIVE;
				CLANG_WARN_UNREACHABLE_CODE = YES;
				CLANG_WARN__DUPLICATE_METHOD_MATCH = YES;
				COPY_PHASE_STRIP = NO;
				DEBUG_INFORMATION_FORMAT = "dwarf-with-dsym";
				ENABLE_NS_ASSERTIONS = NO;
				ENABLE_STRICT_OBJC_MSGSEND = YES;
				GCC_C_LANGUAGE_STANDARD = gnu11;
				GCC_NO_COMMON_BLOCKS = YES;
				GCC_WARN_64_TO_32_BIT_CONVERSION = YES;
				GCC_WARN_ABOUT_RETURN_TYPE = YES_ERROR;
				GCC_WARN_UNDECLARED_SELECTOR = YES;
				GCC_WARN_UNINITIALIZED_AUTOS = YES_AGGRESSIVE;
				GCC_WARN_UNUSED_FUNCTION = YES;
				GCC_WARN_UNUSED_VARIABLE = YES;
				IPHONEOS_DEPLOYMENT_TARGET = 16.4;
				MTL_ENABLE_DEBUG_INFO = NO;
				MTL_FAST_MATH = YES;
				SDKROOT = iphoneos;
				SWIFT_COMPILATION_MODE = wholemodule;
				SWIFT_OPTIMIZATION_LEVEL = "-O";
				VALIDATE_PRODUCT = YES;
			};
			name = Release;
		};
		66D343C52A72E7C300743311 /* Debug */ = {
			isa = XCBuildConfiguration;
			buildSettings = {
				ASSETCATALOG_COMPILER_APPICON_NAME = AppIcon;
				ASSETCATALOG_COMPILER_GLOBAL_ACCENT_COLOR_NAME = AccentColor;
				CODE_SIGN_STYLE = Automatic;
				CURRENT_PROJECT_VERSION = 1;
				DEVELOPMENT_ASSET_PATHS = "\"Pathfinding Visualizer/Preview Content\"";
				DEVELOPMENT_TEAM = MP3V73LYUM;
				ENABLE_PREVIEWS = YES;
				GENERATE_INFOPLIST_FILE = YES;
				INFOPLIST_KEY_UIApplicationSceneManifest_Generation = YES;
				INFOPLIST_KEY_UIApplicationSupportsIndirectInputEvents = YES;
				INFOPLIST_KEY_UILaunchScreen_Generation = YES;
				INFOPLIST_KEY_UISupportedInterfaceOrientations_iPad = "UIInterfaceOrientationPortrait UIInterfaceOrientationPortraitUpsideDown UIInterfaceOrientationLandscapeLeft UIInterfaceOrientationLandscapeRight";
				INFOPLIST_KEY_UISupportedInterfaceOrientations_iPhone = "UIInterfaceOrientationPortrait UIInterfaceOrientationLandscapeLeft UIInterfaceOrientationLandscapeRight";
				LD_RUNPATH_SEARCH_PATHS = (
					"$(inherited)",
					"@executable_path/Frameworks",
				);
				MARKETING_VERSION = 1.0;
				PRODUCT_BUNDLE_IDENTIFIER = "com.JL.Pathfinding-Visualizer";
				PRODUCT_NAME = "$(TARGET_NAME)";
				SWIFT_EMIT_LOC_STRINGS = YES;
				SWIFT_VERSION = 5.0;
				TARGETED_DEVICE_FAMILY = "1,2";
			};
			name = Debug;
		};
		66D343C62A72E7C300743311 /* Release */ = {
			isa = XCBuildConfiguration;
			buildSettings = {
				ASSETCATALOG_COMPILER_APPICON_NAME = AppIcon;
				ASSETCATALOG_COMPILER_GLOBAL_ACCENT_COLOR_NAME = AccentColor;
				CODE_SIGN_STYLE = Automatic;
				CURRENT_PROJECT_VERSION = 1;
				DEVELOPMENT_ASSET_PATHS = "\"Pathfinding Visualizer/Preview Content\"";
				DEVELOPMENT_TEAM = MP3V73LYUM;
				ENABLE_PREVIEWS = YES;
				GENERATE_INFOPLIST_FILE = YES;
				INFOPLIST_KEY_UIApplicationSceneManifest_Generation = YES;
				INFOPLIST_KEY_UIApplicationSupportsIndirectInputEvents = YES;
				INFOPLIST_KEY_UILaunchScreen_Generation = YES;
				INFOPLIST_KEY_UISupportedInterfaceOrientations_iPad = "UIInterfaceOrientationPortrait UIInterfaceOrientationPortraitUpsideDown UIInterfaceOrientationLandscapeLeft UIInterfaceOrientationLandscapeRight";
				INFOPLIST_KEY_UISupportedInterfaceOrientations_iPhone = "UIInterfaceOrientationPortrait UIInterfaceOrientationLandscapeLeft UIInterfaceOrientationLandscapeRight";
				LD_RUNPATH_SEARCH_PATHS = (
					"$(inherited)",
					"@executable_path/Frameworks",
				);
				MARKETING_VERSION = 1.0;
				PRODUCT_BUNDLE_IDENTIFIER = "com.JL.Pathfinding-Visualizer";
				PRODUCT_NAME = "$(TARGET_NAME)";
				SWIFT_EMIT_LOC_STRINGS = YES;
				SWIFT_VERSION = 5.0;
				TARGETED_DEVICE_FAMILY = "1,2";
			};
			name = Release;
		};
/* End XCBuildConfiguration section */

/* Begin XCConfigurationList section */
		66D343B12A72E7C100743311 /* Build configuration list for PBXProject "Pathfinding Visualizer" */ = {
			isa = XCConfigurationList;
			buildConfigurations = (
				66D343C22A72E7C300743311 /* Debug */,
				66D343C32A72E7C300743311 /* Release */,
			);
			defaultConfigurationIsVisible = 0;
			defaultConfigurationName = Release;
		};
		66D343C42A72E7C300743311 /* Build configuration list for PBXNativeTarget "Pathfinding Visualizer" */ = {
			isa = XCConfigurationList;
			buildConfigurations = (
				66D343C52A72E7C300743311 /* Debug */,
				66D343C62A72E7C300743311 /* Release */,
			);
			defaultConfigurationIsVisible = 0;
			defaultConfigurationName = Release;
		};
/* End XCConfigurationList section */
	};
	rootObject = 66D343AE2A72E7C100743311 /* Project object */;
}
